// !$*UTF8*$!
{
	archiveVersion = 1;
	classes = {
	};
	objectVersion = 56;
	objects = {

/* Begin PBXBuildFile section */
		9125CC972B986EE300B77F4B /* XCAOpenAIClient in Frameworks */ = {isa = PBXBuildFile; productRef = 9125CC962B986EE300B77F4B /* XCAOpenAIClient */; };
		9125CC9A2B986F1900B77F4B /* SiriWaveView in Frameworks */ = {isa = PBXBuildFile; productRef = 9125CC992B986F1900B77F4B /* SiriWaveView */; };
		9125CC9C2B98706400B77F4B /* Voice.swift in Sources */ = {isa = PBXBuildFile; fileRef = 9125CC9B2B98706400B77F4B /* Voice.swift */; };
		9125CC9E2B9870C600B77F4B /* ViewModel.swift in Sources */ = {isa = PBXBuildFile; fileRef = 9125CC9D2B9870C600B77F4B /* ViewModel.swift */; };
		915C74D92B96E60B009CEC42 /* TranscribeAppApp.swift in Sources */ = {isa = PBXBuildFile; fileRef = 915C74D82B96E60B009CEC42 /* TranscribeAppApp.swift */; };
		915C74DB2B96E60B009CEC42 /* ContentView.swift in Sources */ = {isa = PBXBuildFile; fileRef = 915C74DA2B96E60B009CEC42 /* ContentView.swift */; };
		915C74DD2B96E60D009CEC42 /* Assets.xcassets in Resources */ = {isa = PBXBuildFile; fileRef = 915C74DC2B96E60D009CEC42 /* Assets.xcassets */; };
		915C74E02B96E60D009CEC42 /* Preview Assets.xcassets in Resources */ = {isa = PBXBuildFile; fileRef = 915C74DF2B96E60D009CEC42 /* Preview Assets.xcassets */; };
		915C74E82B96E681009CEC42 /* RecordScreen.swift in Sources */ = {isa = PBXBuildFile; fileRef = 915C74E72B96E681009CEC42 /* RecordScreen.swift */; };
		915C74EB2B96EBAA009CEC42 /* SummaryRow.swift in Sources */ = {isa = PBXBuildFile; fileRef = 915C74EA2B96EBAA009CEC42 /* SummaryRow.swift */; };
		915C74ED2B96EBBC009CEC42 /* SummaryListView.swift in Sources */ = {isa = PBXBuildFile; fileRef = 915C74EC2B96EBBC009CEC42 /* SummaryListView.swift */; };
		915C74F32B9716D0009CEC42 /* MeetingData.swift in Sources */ = {isa = PBXBuildFile; fileRef = 915C74F22B9716D0009CEC42 /* MeetingData.swift */; };
		915C74F52B971DC8009CEC42 /* MeetingDetail.swift in Sources */ = {isa = PBXBuildFile; fileRef = 915C74F42B971DC8009CEC42 /* MeetingDetail.swift */; };
/* End PBXBuildFile section */

/* Begin PBXFileReference section */
		9125CC9B2B98706400B77F4B /* Voice.swift */ = {isa = PBXFileReference; lastKnownFileType = sourcecode.swift; path = Voice.swift; sourceTree = "<group>"; };
		9125CC9D2B9870C600B77F4B /* ViewModel.swift */ = {isa = PBXFileReference; lastKnownFileType = sourcecode.swift; path = ViewModel.swift; sourceTree = "<group>"; };
		915C74D52B96E60B009CEC42 /* TranscribeApp.app */ = {isa = PBXFileReference; explicitFileType = wrapper.application; includeInIndex = 0; path = TranscribeApp.app; sourceTree = BUILT_PRODUCTS_DIR; };
		915C74D82B96E60B009CEC42 /* TranscribeAppApp.swift */ = {isa = PBXFileReference; lastKnownFileType = sourcecode.swift; path = TranscribeAppApp.swift; sourceTree = "<group>"; };
		915C74DA2B96E60B009CEC42 /* ContentView.swift */ = {isa = PBXFileReference; lastKnownFileType = sourcecode.swift; path = ContentView.swift; sourceTree = "<group>"; };
		915C74DC2B96E60D009CEC42 /* Assets.xcassets */ = {isa = PBXFileReference; lastKnownFileType = folder.assetcatalog; path = Assets.xcassets; sourceTree = "<group>"; };
		915C74DF2B96E60D009CEC42 /* Preview Assets.xcassets */ = {isa = PBXFileReference; lastKnownFileType = folder.assetcatalog; path = "Preview Assets.xcassets"; sourceTree = "<group>"; };
		915C74E72B96E681009CEC42 /* RecordScreen.swift */ = {isa = PBXFileReference; lastKnownFileType = sourcecode.swift; path = RecordScreen.swift; sourceTree = "<group>"; };
		915C74EA2B96EBAA009CEC42 /* SummaryRow.swift */ = {isa = PBXFileReference; lastKnownFileType = sourcecode.swift; path = SummaryRow.swift; sourceTree = "<group>"; };
		915C74EC2B96EBBC009CEC42 /* SummaryListView.swift */ = {isa = PBXFileReference; lastKnownFileType = sourcecode.swift; path = SummaryListView.swift; sourceTree = "<group>"; };
		915C74F22B9716D0009CEC42 /* MeetingData.swift */ = {isa = PBXFileReference; lastKnownFileType = sourcecode.swift; path = MeetingData.swift; sourceTree = "<group>"; };
		915C74F42B971DC8009CEC42 /* MeetingDetail.swift */ = {isa = PBXFileReference; lastKnownFileType = sourcecode.swift; path = MeetingDetail.swift; sourceTree = "<group>"; };
/* End PBXFileReference section */

/* Begin PBXFrameworksBuildPhase section */
		915C74D22B96E60B009CEC42 /* Frameworks */ = {
			isa = PBXFrameworksBuildPhase;
			buildActionMask = 2147483647;
			files = (
				9125CC972B986EE300B77F4B /* XCAOpenAIClient in Frameworks */,
				9125CC9A2B986F1900B77F4B /* SiriWaveView in Frameworks */,
			);
			runOnlyForDeploymentPostprocessing = 0;
		};
/* End PBXFrameworksBuildPhase section */

/* Begin PBXGroup section */
		9116AAD32B980D51002867C0 /* ViewModel */ = {
			isa = PBXGroup;
			children = (
				9125CC9D2B9870C600B77F4B /* ViewModel.swift */,
			);
			path = ViewModel;
			sourceTree = "<group>";
		};
		915C74CC2B96E60B009CEC42 = {
			isa = PBXGroup;
			children = (
				915C74D72B96E60B009CEC42 /* TranscribeApp */,
				915C74D62B96E60B009CEC42 /* Products */,
			);
			sourceTree = "<group>";
		};
		915C74D62B96E60B009CEC42 /* Products */ = {
			isa = PBXGroup;
			children = (
				915C74D52B96E60B009CEC42 /* TranscribeApp.app */,
			);
			name = Products;
			sourceTree = "<group>";
		};
		915C74D72B96E60B009CEC42 /* TranscribeApp */ = {
			isa = PBXGroup;
			children = (
				915C74F12B9716AD009CEC42 /* Model */,
				9116AAD32B980D51002867C0 /* ViewModel */,
				915C74E62B96E658009CEC42 /* View */,
				915C74D82B96E60B009CEC42 /* TranscribeAppApp.swift */,
				915C74DA2B96E60B009CEC42 /* ContentView.swift */,
				915C74DC2B96E60D009CEC42 /* Assets.xcassets */,
				915C74DE2B96E60D009CEC42 /* Preview Content */,
			);
			path = TranscribeApp;
			sourceTree = "<group>";
		};
		915C74DE2B96E60D009CEC42 /* Preview Content */ = {
			isa = PBXGroup;
			children = (
				915C74DF2B96E60D009CEC42 /* Preview Assets.xcassets */,
			);
			path = "Preview Content";
			sourceTree = "<group>";
		};
		915C74E62B96E658009CEC42 /* View */ = {
			isa = PBXGroup;
			children = (
				915C74E92B96EB91009CEC42 /* SummaryScreen */,
				915C74E72B96E681009CEC42 /* RecordScreen.swift */,
			);
			path = View;
			sourceTree = "<group>";
		};
		915C74E92B96EB91009CEC42 /* SummaryScreen */ = {
			isa = PBXGroup;
			children = (
				915C74F42B971DC8009CEC42 /* MeetingDetail.swift */,
				915C74EA2B96EBAA009CEC42 /* SummaryRow.swift */,
				915C74EC2B96EBBC009CEC42 /* SummaryListView.swift */,
			);
			path = SummaryScreen;
			sourceTree = "<group>";
		};
		915C74F12B9716AD009CEC42 /* Model */ = {
			isa = PBXGroup;
			children = (
				915C74F22B9716D0009CEC42 /* MeetingData.swift */,
				9125CC9B2B98706400B77F4B /* Voice.swift */,
			);
			path = Model;
			sourceTree = "<group>";
		};
/* End PBXGroup section */

/* Begin PBXNativeTarget section */
		915C74D42B96E60B009CEC42 /* TranscribeApp */ = {
			isa = PBXNativeTarget;
			buildConfigurationList = 915C74E32B96E60D009CEC42 /* Build configuration list for PBXNativeTarget "TranscribeApp" */;
			buildPhases = (
				915C74D12B96E60B009CEC42 /* Sources */,
				915C74D22B96E60B009CEC42 /* Frameworks */,
				915C74D32B96E60B009CEC42 /* Resources */,
			);
			buildRules = (
			);
			dependencies = (
			);
			name = TranscribeApp;
			packageProductDependencies = (
				9125CC962B986EE300B77F4B /* XCAOpenAIClient */,
				9125CC992B986F1900B77F4B /* SiriWaveView */,
			);
			productName = TranscribeApp;
			productReference = 915C74D52B96E60B009CEC42 /* TranscribeApp.app */;
			productType = "com.apple.product-type.application";
		};
/* End PBXNativeTarget section */

/* Begin PBXProject section */
		915C74CD2B96E60B009CEC42 /* Project object */ = {
			isa = PBXProject;
			attributes = {
				BuildIndependentTargetsInParallel = 1;
				LastSwiftUpdateCheck = 1520;
				LastUpgradeCheck = 1520;
				TargetAttributes = {
					915C74D42B96E60B009CEC42 = {
						CreatedOnToolsVersion = 15.2;
					};
				};
			};
			buildConfigurationList = 915C74D02B96E60B009CEC42 /* Build configuration list for PBXProject "TranscribeApp" */;
			compatibilityVersion = "Xcode 14.0";
			developmentRegion = en;
			hasScannedForEncodings = 0;
			knownRegions = (
				en,
				Base,
			);
			mainGroup = 915C74CC2B96E60B009CEC42;
			packageReferences = (
				9125CC952B986EE300B77F4B /* XCRemoteSwiftPackageReference "XCAOpenAIClient" */,
				9125CC982B986F1900B77F4B /* XCRemoteSwiftPackageReference "SiriWaveView" */,
			);
			productRefGroup = 915C74D62B96E60B009CEC42 /* Products */;
			projectDirPath = "";
			projectRoot = "";
			targets = (
				915C74D42B96E60B009CEC42 /* TranscribeApp */,
			);
		};
/* End PBXProject section */

/* Begin PBXResourcesBuildPhase section */
		915C74D32B96E60B009CEC42 /* Resources */ = {
			isa = PBXResourcesBuildPhase;
			buildActionMask = 2147483647;
			files = (
				915C74E02B96E60D009CEC42 /* Preview Assets.xcassets in Resources */,
				915C74DD2B96E60D009CEC42 /* Assets.xcassets in Resources */,
			);
			runOnlyForDeploymentPostprocessing = 0;
		};
/* End PBXResourcesBuildPhase section */

/* Begin PBXSourcesBuildPhase section */
		915C74D12B96E60B009CEC42 /* Sources */ = {
			isa = PBXSourcesBuildPhase;
			buildActionMask = 2147483647;
			files = (
				915C74DB2B96E60B009CEC42 /* ContentView.swift in Sources */,
				9125CC9E2B9870C600B77F4B /* ViewModel.swift in Sources */,
				915C74EB2B96EBAA009CEC42 /* SummaryRow.swift in Sources */,
				915C74D92B96E60B009CEC42 /* TranscribeAppApp.swift in Sources */,
				915C74F32B9716D0009CEC42 /* MeetingData.swift in Sources */,
				9125CC9C2B98706400B77F4B /* Voice.swift in Sources */,
				915C74F52B971DC8009CEC42 /* MeetingDetail.swift in Sources */,
				915C74ED2B96EBBC009CEC42 /* SummaryListView.swift in Sources */,
				915C74E82B96E681009CEC42 /* RecordScreen.swift in Sources */,
			);
			runOnlyForDeploymentPostprocessing = 0;
		};
/* End PBXSourcesBuildPhase section */

/* Begin XCBuildConfiguration section */
		915C74E12B96E60D009CEC42 /* Debug */ = {
			isa = XCBuildConfiguration;
			buildSettings = {
				ALWAYS_SEARCH_USER_PATHS = NO;
				ASSETCATALOG_COMPILER_GENERATE_SWIFT_ASSET_SYMBOL_EXTENSIONS = YES;
				CLANG_ANALYZER_NONNULL = YES;
				CLANG_ANALYZER_NUMBER_OBJECT_CONVERSION = YES_AGGRESSIVE;
				CLANG_CXX_LANGUAGE_STANDARD = "gnu++20";
				CLANG_ENABLE_MODULES = YES;
				CLANG_ENABLE_OBJC_ARC = YES;
				CLANG_ENABLE_OBJC_WEAK = YES;
				CLANG_WARN_BLOCK_CAPTURE_AUTORELEASING = YES;
				CLANG_WARN_BOOL_CONVERSION = YES;
				CLANG_WARN_COMMA = YES;
				CLANG_WARN_CONSTANT_CONVERSION = YES;
				CLANG_WARN_DEPRECATED_OBJC_IMPLEMENTATIONS = YES;
				CLANG_WARN_DIRECT_OBJC_ISA_USAGE = YES_ERROR;
				CLANG_WARN_DOCUMENTATION_COMMENTS = YES;
				CLANG_WARN_EMPTY_BODY = YES;
				CLANG_WARN_ENUM_CONVERSION = YES;
				CLANG_WARN_INFINITE_RECURSION = YES;
				CLANG_WARN_INT_CONVERSION = YES;
				CLANG_WARN_NON_LITERAL_NULL_CONVERSION = YES;
				CLANG_WARN_OBJC_IMPLICIT_RETAIN_SELF = YES;
				CLANG_WARN_OBJC_LITERAL_CONVERSION = YES;
				CLANG_WARN_OBJC_ROOT_CLASS = YES_ERROR;
				CLANG_WARN_QUOTED_INCLUDE_IN_FRAMEWORK_HEADER = YES;
				CLANG_WARN_RANGE_LOOP_ANALYSIS = YES;
				CLANG_WARN_STRICT_PROTOTYPES = YES;
				CLANG_WARN_SUSPICIOUS_MOVE = YES;
				CLANG_WARN_UNGUARDED_AVAILABILITY = YES_AGGRESSIVE;
				CLANG_WARN_UNREACHABLE_CODE = YES;
				CLANG_WARN__DUPLICATE_METHOD_MATCH = YES;
				COPY_PHASE_STRIP = NO;
				DEBUG_INFORMATION_FORMAT = dwarf;
				ENABLE_STRICT_OBJC_MSGSEND = YES;
				ENABLE_TESTABILITY = YES;
				ENABLE_USER_SCRIPT_SANDBOXING = YES;
				GCC_C_LANGUAGE_STANDARD = gnu17;
				GCC_DYNAMIC_NO_PIC = NO;
				GCC_NO_COMMON_BLOCKS = YES;
				GCC_OPTIMIZATION_LEVEL = 0;
				GCC_PREPROCESSOR_DEFINITIONS = (
					"DEBUG=1",
					"$(inherited)",
				);
				GCC_WARN_64_TO_32_BIT_CONVERSION = YES;
				GCC_WARN_ABOUT_RETURN_TYPE = YES_ERROR;
				GCC_WARN_UNDECLARED_SELECTOR = YES;
				GCC_WARN_UNINITIALIZED_AUTOS = YES_AGGRESSIVE;
				GCC_WARN_UNUSED_FUNCTION = YES;
				GCC_WARN_UNUSED_VARIABLE = YES;
				IPHONEOS_DEPLOYMENT_TARGET = 15.0;
				LOCALIZATION_PREFERS_STRING_CATALOGS = YES;
				MTL_ENABLE_DEBUG_INFO = INCLUDE_SOURCE;
				MTL_FAST_MATH = YES;
				ONLY_ACTIVE_ARCH = YES;
				SDKROOT = iphoneos;
				SWIFT_ACTIVE_COMPILATION_CONDITIONS = "DEBUG $(inherited)";
				SWIFT_OPTIMIZATION_LEVEL = "-Onone";
			};
			name = Debug;
		};
		915C74E22B96E60D009CEC42 /* Release */ = {
			isa = XCBuildConfiguration;
			buildSettings = {
				ALWAYS_SEARCH_USER_PATHS = NO;
				ASSETCATALOG_COMPILER_GENERATE_SWIFT_ASSET_SYMBOL_EXTENSIONS = YES;
				CLANG_ANALYZER_NONNULL = YES;
				CLANG_ANALYZER_NUMBER_OBJECT_CONVERSION = YES_AGGRESSIVE;
				CLANG_CXX_LANGUAGE_STANDARD = "gnu++20";
				CLANG_ENABLE_MODULES = YES;
				CLANG_ENABLE_OBJC_ARC = YES;
				CLANG_ENABLE_OBJC_WEAK = YES;
				CLANG_WARN_BLOCK_CAPTURE_AUTORELEASING = YES;
				CLANG_WARN_BOOL_CONVERSION = YES;
				CLANG_WARN_COMMA = YES;
				CLANG_WARN_CONSTANT_CONVERSION = YES;
				CLANG_WARN_DEPRECATED_OBJC_IMPLEMENTATIONS = YES;
				CLANG_WARN_DIRECT_OBJC_ISA_USAGE = YES_ERROR;
				CLANG_WARN_DOCUMENTATION_COMMENTS = YES;
				CLANG_WARN_EMPTY_BODY = YES;
				CLANG_WARN_ENUM_CONVERSION = YES;
				CLANG_WARN_INFINITE_RECURSION = YES;
				CLANG_WARN_INT_CONVERSION = YES;
				CLANG_WARN_NON_LITERAL_NULL_CONVERSION = YES;
				CLANG_WARN_OBJC_IMPLICIT_RETAIN_SELF = YES;
				CLANG_WARN_OBJC_LITERAL_CONVERSION = YES;
				CLANG_WARN_OBJC_ROOT_CLASS = YES_ERROR;
				CLANG_WARN_QUOTED_INCLUDE_IN_FRAMEWORK_HEADER = YES;
				CLANG_WARN_RANGE_LOOP_ANALYSIS = YES;
				CLANG_WARN_STRICT_PROTOTYPES = YES;
				CLANG_WARN_SUSPICIOUS_MOVE = YES;
				CLANG_WARN_UNGUARDED_AVAILABILITY = YES_AGGRESSIVE;
				CLANG_WARN_UNREACHABLE_CODE = YES;
				CLANG_WARN__DUPLICATE_METHOD_MATCH = YES;
				COPY_PHASE_STRIP = NO;
				DEBUG_INFORMATION_FORMAT = "dwarf-with-dsym";
				ENABLE_NS_ASSERTIONS = NO;
				ENABLE_STRICT_OBJC_MSGSEND = YES;
				ENABLE_USER_SCRIPT_SANDBOXING = YES;
				GCC_C_LANGUAGE_STANDARD = gnu17;
				GCC_NO_COMMON_BLOCKS = YES;
				GCC_WARN_64_TO_32_BIT_CONVERSION = YES;
				GCC_WARN_ABOUT_RETURN_TYPE = YES_ERROR;
				GCC_WARN_UNDECLARED_SELECTOR = YES;
				GCC_WARN_UNINITIALIZED_AUTOS = YES_AGGRESSIVE;
				GCC_WARN_UNUSED_FUNCTION = YES;
				GCC_WARN_UNUSED_VARIABLE = YES;
				IPHONEOS_DEPLOYMENT_TARGET = 15.0;
				LOCALIZATION_PREFERS_STRING_CATALOGS = YES;
				MTL_ENABLE_DEBUG_INFO = NO;
				MTL_FAST_MATH = YES;
				SDKROOT = iphoneos;
				SWIFT_COMPILATION_MODE = wholemodule;
				VALIDATE_PRODUCT = YES;
			};
			name = Release;
		};
		915C74E42B96E60D009CEC42 /* Debug */ = {
			isa = XCBuildConfiguration;
			buildSettings = {
				ASSETCATALOG_COMPILER_APPICON_NAME = AppIcon;
				ASSETCATALOG_COMPILER_GLOBAL_ACCENT_COLOR_NAME = AccentColor;
				CODE_SIGN_STYLE = Automatic;
				CURRENT_PROJECT_VERSION = 1;
				DEVELOPMENT_ASSET_PATHS = "\"TranscribeApp/Preview Content\"";
				DEVELOPMENT_TEAM = ZN33ZJFC65;
				ENABLE_PREVIEWS = YES;
				GENERATE_INFOPLIST_FILE = YES;
				INFOPLIST_KEY_NSMicrophoneUsageDescription = "Transcribe with AI";
				INFOPLIST_KEY_UIApplicationSceneManifest_Generation = YES;
				INFOPLIST_KEY_UIApplicationSupportsIndirectInputEvents = YES;
				INFOPLIST_KEY_UILaunchScreen_Generation = YES;
				INFOPLIST_KEY_UISupportedInterfaceOrientations_iPad = "UIInterfaceOrientationPortrait UIInterfaceOrientationPortraitUpsideDown UIInterfaceOrientationLandscapeLeft UIInterfaceOrientationLandscapeRight";
				INFOPLIST_KEY_UISupportedInterfaceOrientations_iPhone = "UIInterfaceOrientationPortrait UIInterfaceOrientationLandscapeLeft UIInterfaceOrientationLandscapeRight";
				IPHONEOS_DEPLOYMENT_TARGET = 17.0;
				LD_RUNPATH_SEARCH_PATHS = (
					"$(inherited)",
					"@executable_path/Frameworks",
				);
				MARKETING_VERSION = 1.0;
				PRODUCT_BUNDLE_IDENTIFIER = nae.TranscribeApp;
				PRODUCT_NAME = "$(TARGET_NAME)";
				SWIFT_EMIT_LOC_STRINGS = YES;
				SWIFT_VERSION = 5.0;
				TARGETED_DEVICE_FAMILY = "1,2";
			};
			name = Debug;
		};
		915C74E52B96E60D009CEC42 /* Release */ = {
			isa = XCBuildConfiguration;
			buildSettings = {
				ASSETCATALOG_COMPILER_APPICON_NAME = AppIcon;
				ASSETCATALOG_COMPILER_GLOBAL_ACCENT_COLOR_NAME = AccentColor;
				CODE_SIGN_STYLE = Automatic;
				CURRENT_PROJECT_VERSION = 1;
				DEVELOPMENT_ASSET_PATHS = "\"TranscribeApp/Preview Content\"";
				DEVELOPMENT_TEAM = ZN33ZJFC65;
				ENABLE_PREVIEWS = YES;
				GENERATE_INFOPLIST_FILE = YES;
				INFOPLIST_KEY_NSMicrophoneUsageDescription = "Transcribe with AI";
				INFOPLIST_KEY_UIApplicationSceneManifest_Generation = YES;
				INFOPLIST_KEY_UIApplicationSupportsIndirectInputEvents = YES;
				INFOPLIST_KEY_UILaunchScreen_Generation = YES;
				INFOPLIST_KEY_UISupportedInterfaceOrientations_iPad = "UIInterfaceOrientationPortrait UIInterfaceOrientationPortraitUpsideDown UIInterfaceOrientationLandscapeLeft UIInterfaceOrientationLandscapeRight";
				INFOPLIST_KEY_UISupportedInterfaceOrientations_iPhone = "UIInterfaceOrientationPortrait UIInterfaceOrientationLandscapeLeft UIInterfaceOrientationLandscapeRight";
				IPHONEOS_DEPLOYMENT_TARGET = 17.0;
				LD_RUNPATH_SEARCH_PATHS = (
					"$(inherited)",
					"@executable_path/Frameworks",
				);
				MARKETING_VERSION = 1.0;
				PRODUCT_BUNDLE_IDENTIFIER = nae.TranscribeApp;
				PRODUCT_NAME = "$(TARGET_NAME)";
				SWIFT_EMIT_LOC_STRINGS = YES;
				SWIFT_VERSION = 5.0;
				TARGETED_DEVICE_FAMILY = "1,2";
			};
			name = Release;
		};
/* End XCBuildConfiguration section */

/* Begin XCConfigurationList section */
		915C74D02B96E60B009CEC42 /* Build configuration list for PBXProject "TranscribeApp" */ = {
			isa = XCConfigurationList;
			buildConfigurations = (
				915C74E12B96E60D009CEC42 /* Debug */,
				915C74E22B96E60D009CEC42 /* Release */,
			);
			defaultConfigurationIsVisible = 0;
			defaultConfigurationName = Release;
		};
		915C74E32B96E60D009CEC42 /* Build configuration list for PBXNativeTarget "TranscribeApp" */ = {
			isa = XCConfigurationList;
			buildConfigurations = (
				915C74E42B96E60D009CEC42 /* Debug */,
				915C74E52B96E60D009CEC42 /* Release */,
			);
			defaultConfigurationIsVisible = 0;
			defaultConfigurationName = Release;
		};
/* End XCConfigurationList section */

/* Begin XCRemoteSwiftPackageReference section */
		9125CC952B986EE300B77F4B /* XCRemoteSwiftPackageReference "XCAOpenAIClient" */ = {
			isa = XCRemoteSwiftPackageReference;
			repositoryURL = "https://github.com/alfianlosari/XCAOpenAIClient";
			requirement = {
				branch = main;
				kind = branch;
			};
		};
		9125CC982B986F1900B77F4B /* XCRemoteSwiftPackageReference "SiriWaveView" */ = {
			isa = XCRemoteSwiftPackageReference;
			repositoryURL = "https://github.com/alfianlosari/SiriWaveView";
			requirement = {
				branch = master;
				kind = branch;
			};
		};
/* End XCRemoteSwiftPackageReference section */

/* Begin XCSwiftPackageProductDependency section */
		9125CC962B986EE300B77F4B /* XCAOpenAIClient */ = {
			isa = XCSwiftPackageProductDependency;
			package = 9125CC952B986EE300B77F4B /* XCRemoteSwiftPackageReference "XCAOpenAIClient" */;
			productName = XCAOpenAIClient;
		};
		9125CC992B986F1900B77F4B /* SiriWaveView */ = {
			isa = XCSwiftPackageProductDependency;
			package = 9125CC982B986F1900B77F4B /* XCRemoteSwiftPackageReference "SiriWaveView" */;
			productName = SiriWaveView;
		};
/* End XCSwiftPackageProductDependency section */
	};
	rootObject = 915C74CD2B96E60B009CEC42 /* Project object */;
}
